
Microsoft Visual Studio Solution File, Format Version 12.00
# Visual Studio 15
VisualStudioVersion = 15.0.28307.489
MinimumVisualStudioVersion = 10.0.40219.1
Project("{FAE04EC0-301F-11D3-BF4B-00C04F79EFBC}") = "AutomationDataLib", "AutomationDataLib\AutomationDataLib.csproj", "{3D08BBEB-0F57-41A4-8067-56594251F940}"
EndProject
Project("{FAE04EC0-301F-11D3-BF4B-00C04F79EFBC}") = "Prototype", "Prototype\Prototype.csproj", "{99CB194C-00D9-45AB-9403-D888A98A30CC}"
EndProject
Global
	GlobalSection(SolutionConfigurationPlatforms) = preSolution
		Debug|Any CPU = Debug|Any CPU
		Release|Any CPU = Release|Any CPU
	EndGlobalSection
	GlobalSection(ProjectConfigurationPlatforms) = postSolution
		{3D08BBEB-0F57-41A4-8067-56594251F940}.Debug|Any CPU.ActiveCfg = Debug|Any CPU
		{3D08BBEB-0F57-41A4-8067-56594251F940}.Debug|Any CPU.Build.0 = Debug|Any CPU
		{3D08BBEB-0F57-41A4-8067-56594251F940}.Release|Any CPU.ActiveCfg = Release|Any CPU
		{3D08BBEB-0F57-41A4-8067-56594251F940}.Release|Any CPU.Build.0 = Release|Any CPU
		{99CB194C-00D9-45AB-9403-D888A98A30CC}.Debug|Any CPU.ActiveCfg = Debug|Any CPU
		{99CB194C-00D9-45AB-9403-D888A98A30CC}.Debug|Any CPU.Build.0 = Debug|Any CPU
		{99CB194C-00D9-45AB-9403-D888A98A30CC}.Release|Any CPU.ActiveCfg = Release|Any CPU
		{99CB194C-00D9-45AB-9403-D888A98A30CC}.Release|Any CPU.Build.0 = Release|Any CPU
	EndGlobalSection
	GlobalSection(SolutionProperties) = preSolution
		HideSolutionNode = FALSE
	EndGlobalSection
	GlobalSection(ExtensibilityGlobals) = postSolution
		SolutionGuid = {F93D9B7E-49AB-4A05-BCFD-9E329E710B47}
	EndGlobalSection
EndGlobal
