
Microsoft Visual Studio Solution File, Format Version 12.00
# Visual Studio 15
VisualStudioVersion = 15.0.28010.2048
MinimumVisualStudioVersion = 10.0.40219.1
Project("{FAE04EC0-301F-11D3-BF4B-00C04F79EFBC}") = "DLL_Http", "DLL_Http\DLL_Http.csproj", "{9891CA79-838B-49DC-8518-DBE0A8B0EA29}"
EndProject
Global
	GlobalSection(SolutionConfigurationPlatforms) = preSolution
		Debug|Any CPU = Debug|Any CPU
		Release|Any CPU = Release|Any CPU
	EndGlobalSection
	GlobalSection(ProjectConfigurationPlatforms) = postSolution
		{9891CA79-838B-49DC-8518-DBE0A8B0EA29}.Debug|Any CPU.ActiveCfg = Debug|Any CPU
		{9891CA79-838B-49DC-8518-DBE0A8B0EA29}.Debug|Any CPU.Build.0 = Debug|Any CPU
		{9891CA79-838B-49DC-8518-DBE0A8B0EA29}.Release|Any CPU.ActiveCfg = Release|Any CPU
		{9891CA79-838B-49DC-8518-DBE0A8B0EA29}.Release|Any CPU.Build.0 = Release|Any CPU
	EndGlobalSection
	GlobalSection(SolutionProperties) = preSolution
		HideSolutionNode = FALSE
	EndGlobalSection
	GlobalSection(ExtensibilityGlobals) = postSolution
		SolutionGuid = {AE63D2AF-8A48-4CE4-BA94-4CEA5C0FEB60}
	EndGlobalSection
EndGlobal
