
Microsoft Visual Studio Solution File, Format Version 12.00
# Visual Studio 15
VisualStudioVersion = 15.0.28010.2048
MinimumVisualStudioVersion = 10.0.40219.1
Project("{FAE04EC0-301F-11D3-BF4B-00C04F79EFBC}") = "DLL_RunOutput", "DLL_RunOutput\DLL_RunOutput.csproj", "{FE7C4A34-448A-4825-B569-B693F4C7D79B}"
EndProject
Project("{FAE04EC0-301F-11D3-BF4B-00C04F79EFBC}") = "TestConsole", "TestConsole\TestConsole.csproj", "{98BD179C-2405-43D3-B981-7B85EC1FC9BC}"
EndProject
Global
	GlobalSection(SolutionConfigurationPlatforms) = preSolution
		Debug|Any CPU = Debug|Any CPU
		Release|Any CPU = Release|Any CPU
	EndGlobalSection
	GlobalSection(ProjectConfigurationPlatforms) = postSolution
		{FE7C4A34-448A-4825-B569-B693F4C7D79B}.Debug|Any CPU.ActiveCfg = Debug|Any CPU
		{FE7C4A34-448A-4825-B569-B693F4C7D79B}.Debug|Any CPU.Build.0 = Debug|Any CPU
		{FE7C4A34-448A-4825-B569-B693F4C7D79B}.Release|Any CPU.ActiveCfg = Release|Any CPU
		{FE7C4A34-448A-4825-B569-B693F4C7D79B}.Release|Any CPU.Build.0 = Release|Any CPU
		{98BD179C-2405-43D3-B981-7B85EC1FC9BC}.Debug|Any CPU.ActiveCfg = Debug|Any CPU
		{98BD179C-2405-43D3-B981-7B85EC1FC9BC}.Debug|Any CPU.Build.0 = Debug|Any CPU
		{98BD179C-2405-43D3-B981-7B85EC1FC9BC}.Release|Any CPU.ActiveCfg = Release|Any CPU
		{98BD179C-2405-43D3-B981-7B85EC1FC9BC}.Release|Any CPU.Build.0 = Release|Any CPU
	EndGlobalSection
	GlobalSection(SolutionProperties) = preSolution
		HideSolutionNode = FALSE
	EndGlobalSection
	GlobalSection(ExtensibilityGlobals) = postSolution
		SolutionGuid = {1E5D4BB8-3D77-4F48-AD04-BC1D5D3EC280}
	EndGlobalSection
EndGlobal
